
Microsoft Visual Studio Solution File, Format Version 12.00
# Visual Studio Version 16
VisualStudioVersion = 16.0.30104.148
MinimumVisualStudioVersion = 10.0.40219.1
Project("{FAE04EC0-301F-11D3-BF4B-00C04F79EFBC}") = "WFAUI", "WFAUI\WFAUI.csproj", "{C310AA2B-1242-4E72-99BF-2960F8E25C62}"
EndProject
Global
	GlobalSection(SolutionConfigurationPlatforms) = preSolution
		Debug|Any CPU = Debug|Any CPU
		Release|Any CPU = Release|Any CPU
	EndGlobalSection
	GlobalSection(ProjectConfigurationPlatforms) = postSolution
		{C310AA2B-1242-4E72-99BF-2960F8E25C62}.Debug|Any CPU.ActiveCfg = Debug|Any CPU
		{C310AA2B-1242-4E72-99BF-2960F8E25C62}.Debug|Any CPU.Build.0 = Debug|Any CPU
		{C310AA2B-1242-4E72-99BF-2960F8E25C62}.Release|Any CPU.ActiveCfg = Release|Any CPU
		{C310AA2B-1242-4E72-99BF-2960F8E25C62}.Release|Any CPU.Build.0 = Release|Any CPU
	EndGlobalSection
	GlobalSection(SolutionProperties) = preSolution
		HideSolutionNode = FALSE
	EndGlobalSection
	GlobalSection(ExtensibilityGlobals) = postSolution
		SolutionGuid = {09D57534-D266-449E-9481-97EDD4C53DE9}
	EndGlobalSection
EndGlobal
